// !$*UTF8*$!
{
	archiveVersion = 1;
	classes = {
	};
	objectVersion = 56;
	objects = {

/* Begin PBXBuildFile section */
		721AA0FF2D1B0A7900D26778 /* TabbarVC.swift in Sources */ = {isa = PBXBuildFile; fileRef = 721AA0FE2D1B0A7900D26778 /* TabbarVC.swift */; };
		721AA1012D1B0AC700D26778 /* HomeVC.swift in Sources */ = {isa = PBXBuildFile; fileRef = 721AA1002D1B0AC700D26778 /* HomeVC.swift */; };
		721AA1032D1B0AD800D26778 /* SettingsVC.swift in Sources */ = {isa = PBXBuildFile; fileRef = 721AA1022D1B0AD800D26778 /* SettingsVC.swift */; };
		721AA1052D1B0E0800D26778 /* Constant.swift in Sources */ = {isa = PBXBuildFile; fileRef = 721AA1042D1B0E0800D26778 /* Constant.swift */; };
		721AA1072D1B117000D26778 /* UserDefaults.swift in Sources */ = {isa = PBXBuildFile; fileRef = 721AA1062D1B117000D26778 /* UserDefaults.swift */; };
		721AA1092D1D149F00D26778 /* HistoryVC.swift in Sources */ = {isa = PBXBuildFile; fileRef = 721AA1082D1D149F00D26778 /* HistoryVC.swift */; };
		721AA10B2D1D153C00D26778 /* ProfileVC.swift in Sources */ = {isa = PBXBuildFile; fileRef = 721AA10A2D1D153C00D26778 /* ProfileVC.swift */; };
		721AA10D2D1D155500D26778 /* AddTaskVC.swift in Sources */ = {isa = PBXBuildFile; fileRef = 721AA10C2D1D155500D26778 /* AddTaskVC.swift */; };
		72229DD52D56E6B100395920 /* GoogleService-Info.plist in Resources */ = {isa = PBXBuildFile; fileRef = 72229DD42D56E6B100395920 /* GoogleService-Info.plist */; };
		723B6D722D2343D4005D4263 /* SignupVC.swift in Sources */ = {isa = PBXBuildFile; fileRef = 723B6D712D2343D4005D4263 /* SignupVC.swift */; };
		7250B2232D29D27300F80FF1 /* User.swift in Sources */ = {isa = PBXBuildFile; fileRef = 7250B2222D29D27300F80FF1 /* User.swift */; };
		7250B2262D29D75500F80FF1 /* FirebaseManager.swift in Sources */ = {isa = PBXBuildFile; fileRef = 7250B2252D29D75500F80FF1 /* FirebaseManager.swift */; };
		7250B2292D2B7E3F00F80FF1 /* SettingTableViewCell.swift in Sources */ = {isa = PBXBuildFile; fileRef = 7250B2282D2B7E3F00F80FF1 /* SettingTableViewCell.swift */; };
		729E1BD12D14B17F00896ECA /* AppDelegate.swift in Sources */ = {isa = PBXBuildFile; fileRef = 729E1BD02D14B17F00896ECA /* AppDelegate.swift */; };
		729E1BD32D14B17F00896ECA /* SceneDelegate.swift in Sources */ = {isa = PBXBuildFile; fileRef = 729E1BD22D14B17F00896ECA /* SceneDelegate.swift */; };
		729E1BD82D14B17F00896ECA /* Base in Resources */ = {isa = PBXBuildFile; fileRef = 729E1BD72D14B17F00896ECA /* Base */; };
		729E1BDA2D14B18100896ECA /* Assets.xcassets in Resources */ = {isa = PBXBuildFile; fileRef = 729E1BD92D14B18100896ECA /* Assets.xcassets */; };
		729E1BDD2D14B18100896ECA /* Base in Resources */ = {isa = PBXBuildFile; fileRef = 729E1BDC2D14B18100896ECA /* Base */; };
		72CC1E432D14EA8400DDB540 /* LoginVC.swift in Sources */ = {isa = PBXBuildFile; fileRef = 72CC1E422D14EA8400DDB540 /* LoginVC.swift */; };
		72CC1E452D14EB9500DDB540 /* LaunchVC.swift in Sources */ = {isa = PBXBuildFile; fileRef = 72CC1E442D14EB9500DDB540 /* LaunchVC.swift */; };
		72CC1E482D14EC6F00DDB540 /* Utility.swift in Sources */ = {isa = PBXBuildFile; fileRef = 72CC1E472D14EC6F00DDB540 /* Utility.swift */; };
		72CC1E4B2D14ED6C00DDB540 /* Extensions.swift in Sources */ = {isa = PBXBuildFile; fileRef = 72CC1E4A2D14ED6C00DDB540 /* Extensions.swift */; };
		72CC1E4D2D14F60D00DDB540 /* CircularProgressView.swift in Sources */ = {isa = PBXBuildFile; fileRef = 72CC1E4C2D14F60D00DDB540 /* CircularProgressView.swift */; };
		72E302A92D2356A60097E2B4 /* Global.swift in Sources */ = {isa = PBXBuildFile; fileRef = 72E302A82D2356A60097E2B4 /* Global.swift */; };
		EB7A2B6C906DE6D340E8F6CC /* Pods_Tick_Tick_Done.framework in Frameworks */ = {isa = PBXBuildFile; fileRef = 2AAB14CEF9011B4F3E66ECCF /* Pods_Tick_Tick_Done.framework */; };
/* End PBXBuildFile section */

/* Begin PBXFileReference section */
		2AAB14CEF9011B4F3E66ECCF /* Pods_Tick_Tick_Done.framework */ = {isa = PBXFileReference; explicitFileType = wrapper.framework; includeInIndex = 0; path = Pods_Tick_Tick_Done.framework; sourceTree = BUILT_PRODUCTS_DIR; };
		721AA0FE2D1B0A7900D26778 /* TabbarVC.swift */ = {isa = PBXFileReference; lastKnownFileType = sourcecode.swift; path = TabbarVC.swift; sourceTree = "<group>"; };
		721AA1002D1B0AC700D26778 /* HomeVC.swift */ = {isa = PBXFileReference; lastKnownFileType = sourcecode.swift; path = HomeVC.swift; sourceTree = "<group>"; };
		721AA1022D1B0AD800D26778 /* SettingsVC.swift */ = {isa = PBXFileReference; lastKnownFileType = sourcecode.swift; path = SettingsVC.swift; sourceTree = "<group>"; };
		721AA1042D1B0E0800D26778 /* Constant.swift */ = {isa = PBXFileReference; lastKnownFileType = sourcecode.swift; path = Constant.swift; sourceTree = "<group>"; };
		721AA1062D1B117000D26778 /* UserDefaults.swift */ = {isa = PBXFileReference; lastKnownFileType = sourcecode.swift; path = UserDefaults.swift; sourceTree = "<group>"; };
		721AA1082D1D149F00D26778 /* HistoryVC.swift */ = {isa = PBXFileReference; lastKnownFileType = sourcecode.swift; path = HistoryVC.swift; sourceTree = "<group>"; };
		721AA10A2D1D153C00D26778 /* ProfileVC.swift */ = {isa = PBXFileReference; lastKnownFileType = sourcecode.swift; path = ProfileVC.swift; sourceTree = "<group>"; };
		721AA10C2D1D155500D26778 /* AddTaskVC.swift */ = {isa = PBXFileReference; lastKnownFileType = sourcecode.swift; path = AddTaskVC.swift; sourceTree = "<group>"; };
		72229DD42D56E6B100395920 /* GoogleService-Info.plist */ = {isa = PBXFileReference; lastKnownFileType = text.plist.xml; path = "GoogleService-Info.plist"; sourceTree = "<group>"; };
		723B6D712D2343D4005D4263 /* SignupVC.swift */ = {isa = PBXFileReference; lastKnownFileType = sourcecode.swift; path = SignupVC.swift; sourceTree = "<group>"; };
		7250B2222D29D27300F80FF1 /* User.swift */ = {isa = PBXFileReference; lastKnownFileType = sourcecode.swift; path = User.swift; sourceTree = "<group>"; };
		7250B2252D29D75500F80FF1 /* FirebaseManager.swift */ = {isa = PBXFileReference; lastKnownFileType = sourcecode.swift; path = FirebaseManager.swift; sourceTree = "<group>"; };
		7250B2282D2B7E3F00F80FF1 /* SettingTableViewCell.swift */ = {isa = PBXFileReference; lastKnownFileType = sourcecode.swift; path = SettingTableViewCell.swift; sourceTree = "<group>"; };
		729E1BCD2D14B17F00896ECA /* Tick Tick Done.app */ = {isa = PBXFileReference; explicitFileType = wrapper.application; includeInIndex = 0; path = "Tick Tick Done.app"; sourceTree = BUILT_PRODUCTS_DIR; };
		729E1BD02D14B17F00896ECA /* AppDelegate.swift */ = {isa = PBXFileReference; lastKnownFileType = sourcecode.swift; path = AppDelegate.swift; sourceTree = "<group>"; };
		729E1BD22D14B17F00896ECA /* SceneDelegate.swift */ = {isa = PBXFileReference; lastKnownFileType = sourcecode.swift; path = SceneDelegate.swift; sourceTree = "<group>"; };
		729E1BD72D14B17F00896ECA /* Base */ = {isa = PBXFileReference; lastKnownFileType = file.storyboard; name = Base; path = Base.lproj/Main.storyboard; sourceTree = "<group>"; };
		729E1BD92D14B18100896ECA /* Assets.xcassets */ = {isa = PBXFileReference; lastKnownFileType = folder.assetcatalog; path = Assets.xcassets; sourceTree = "<group>"; };
		729E1BDC2D14B18100896ECA /* Base */ = {isa = PBXFileReference; lastKnownFileType = file.storyboard; name = Base; path = Base.lproj/LaunchScreen.storyboard; sourceTree = "<group>"; };
		729E1BDE2D14B18100896ECA /* Info.plist */ = {isa = PBXFileReference; lastKnownFileType = text.plist.xml; path = Info.plist; sourceTree = "<group>"; };
		72CC1E422D14EA8400DDB540 /* LoginVC.swift */ = {isa = PBXFileReference; lastKnownFileType = sourcecode.swift; path = LoginVC.swift; sourceTree = "<group>"; };
		72CC1E442D14EB9500DDB540 /* LaunchVC.swift */ = {isa = PBXFileReference; lastKnownFileType = sourcecode.swift; path = LaunchVC.swift; sourceTree = "<group>"; };
		72CC1E472D14EC6F00DDB540 /* Utility.swift */ = {isa = PBXFileReference; lastKnownFileType = sourcecode.swift; path = Utility.swift; sourceTree = "<group>"; };
		72CC1E4A2D14ED6C00DDB540 /* Extensions.swift */ = {isa = PBXFileReference; lastKnownFileType = sourcecode.swift; path = Extensions.swift; sourceTree = "<group>"; };
		72CC1E4C2D14F60D00DDB540 /* CircularProgressView.swift */ = {isa = PBXFileReference; lastKnownFileType = sourcecode.swift; path = CircularProgressView.swift; sourceTree = "<group>"; };
		72DA6C88D30B371ABC608895 /* Pods-Tick Tick Done.debug.xcconfig */ = {isa = PBXFileReference; includeInIndex = 1; lastKnownFileType = text.xcconfig; name = "Pods-Tick Tick Done.debug.xcconfig"; path = "Target Support Files/Pods-Tick Tick Done/Pods-Tick Tick Done.debug.xcconfig"; sourceTree = "<group>"; };
		72E302A82D2356A60097E2B4 /* Global.swift */ = {isa = PBXFileReference; lastKnownFileType = sourcecode.swift; path = Global.swift; sourceTree = "<group>"; };
		99D0F557BB80817D797D25BB /* Pods-Tick Tick Done.release.xcconfig */ = {isa = PBXFileReference; includeInIndex = 1; lastKnownFileType = text.xcconfig; name = "Pods-Tick Tick Done.release.xcconfig"; path = "Target Support Files/Pods-Tick Tick Done/Pods-Tick Tick Done.release.xcconfig"; sourceTree = "<group>"; };
/* End PBXFileReference section */

/* Begin PBXFrameworksBuildPhase section */
		729E1BCA2D14B17F00896ECA /* Frameworks */ = {
			isa = PBXFrameworksBuildPhase;
			buildActionMask = 2147483647;
			files = (
				EB7A2B6C906DE6D340E8F6CC /* Pods_Tick_Tick_Done.framework in Frameworks */,
			);
			runOnlyForDeploymentPostprocessing = 0;
		};
/* End PBXFrameworksBuildPhase section */

/* Begin PBXGroup section */
		65CD2EB35E63F5E4D384746A /* Frameworks */ = {
			isa = PBXGroup;
			children = (
				2AAB14CEF9011B4F3E66ECCF /* Pods_Tick_Tick_Done.framework */,
			);
			name = Frameworks;
			sourceTree = "<group>";
		};
		6612119FBD48BC0513FD6F1D /* Pods */ = {
			isa = PBXGroup;
			children = (
				72DA6C88D30B371ABC608895 /* Pods-Tick Tick Done.debug.xcconfig */,
				99D0F557BB80817D797D25BB /* Pods-Tick Tick Done.release.xcconfig */,
			);
			path = Pods;
			sourceTree = "<group>";
		};
		7250B2242D29D73C00F80FF1 /* Manager */ = {
			isa = PBXGroup;
			children = (
				7250B2252D29D75500F80FF1 /* FirebaseManager.swift */,
			);
			path = Manager;
			sourceTree = "<group>";
		};
		7250B2272D2B7E1D00F80FF1 /* UITableviewCells */ = {
			isa = PBXGroup;
			children = (
				7250B2282D2B7E3F00F80FF1 /* SettingTableViewCell.swift */,
			);
			path = UITableviewCells;
			sourceTree = "<group>";
		};
		729E1BC42D14B17F00896ECA = {
			isa = PBXGroup;
			children = (
				729E1BCF2D14B17F00896ECA /* Tick Tick Done */,
				729E1BCE2D14B17F00896ECA /* Products */,
				6612119FBD48BC0513FD6F1D /* Pods */,
				65CD2EB35E63F5E4D384746A /* Frameworks */,
			);
			sourceTree = "<group>";
		};
		729E1BCE2D14B17F00896ECA /* Products */ = {
			isa = PBXGroup;
			children = (
				729E1BCD2D14B17F00896ECA /* Tick Tick Done.app */,
			);
			name = Products;
			sourceTree = "<group>";
		};
		729E1BCF2D14B17F00896ECA /* Tick Tick Done */ = {
			isa = PBXGroup;
			children = (
				7250B2272D2B7E1D00F80FF1 /* UITableviewCells */,
				7250B2242D29D73C00F80FF1 /* Manager */,
				72CC1E492D14ED5A00DDB540 /* Extensions */,
				72CC1E462D14EC5A00DDB540 /* Utility */,
				72CC1E412D14EA3A00DDB540 /* Resources */,
				72CC1E402D14EA2600DDB540 /* Base */,
				72CC1E3F2D14EA1E00DDB540 /* Controller */,
				72CC1E3E2D14EA1800DDB540 /* View */,
				72CC1E3D2D14EA1000DDB540 /* Model */,
				729E1BDE2D14B18100896ECA /* Info.plist */,
				72229DD42D56E6B100395920 /* GoogleService-Info.plist */,
			);
			path = "Tick Tick Done";
			sourceTree = "<group>";
		};
		72CC1E3D2D14EA1000DDB540 /* Model */ = {
			isa = PBXGroup;
			children = (
				7250B2222D29D27300F80FF1 /* User.swift */,
			);
			path = Model;
			sourceTree = "<group>";
		};
		72CC1E3E2D14EA1800DDB540 /* View */ = {
			isa = PBXGroup;
			children = (
				729E1BD62D14B17F00896ECA /* Main.storyboard */,
				729E1BDB2D14B18100896ECA /* LaunchScreen.storyboard */,
			);
			path = View;
			sourceTree = "<group>";
		};
		72CC1E3F2D14EA1E00DDB540 /* Controller */ = {
			isa = PBXGroup;
			children = (
				72CC1E422D14EA8400DDB540 /* LoginVC.swift */,
				72CC1E442D14EB9500DDB540 /* LaunchVC.swift */,
				721AA0FE2D1B0A7900D26778 /* TabbarVC.swift */,
				721AA1002D1B0AC700D26778 /* HomeVC.swift */,
				721AA1022D1B0AD800D26778 /* SettingsVC.swift */,
				721AA1082D1D149F00D26778 /* HistoryVC.swift */,
				721AA10A2D1D153C00D26778 /* ProfileVC.swift */,
				721AA10C2D1D155500D26778 /* AddTaskVC.swift */,
				723B6D712D2343D4005D4263 /* SignupVC.swift */,
			);
			path = Controller;
			sourceTree = "<group>";
		};
		72CC1E402D14EA2600DDB540 /* Base */ = {
			isa = PBXGroup;
			children = (
				729E1BD02D14B17F00896ECA /* AppDelegate.swift */,
				729E1BD22D14B17F00896ECA /* SceneDelegate.swift */,
			);
			path = Base;
			sourceTree = "<group>";
		};
		72CC1E412D14EA3A00DDB540 /* Resources */ = {
			isa = PBXGroup;
			children = (
				729E1BD92D14B18100896ECA /* Assets.xcassets */,
			);
			path = Resources;
			sourceTree = "<group>";
		};
		72CC1E462D14EC5A00DDB540 /* Utility */ = {
			isa = PBXGroup;
			children = (
				72CC1E472D14EC6F00DDB540 /* Utility.swift */,
				72CC1E4C2D14F60D00DDB540 /* CircularProgressView.swift */,
				721AA1042D1B0E0800D26778 /* Constant.swift */,
				721AA1062D1B117000D26778 /* UserDefaults.swift */,
				72E302A82D2356A60097E2B4 /* Global.swift */,
			);
			path = Utility;
			sourceTree = "<group>";
		};
		72CC1E492D14ED5A00DDB540 /* Extensions */ = {
			isa = PBXGroup;
			children = (
				72CC1E4A2D14ED6C00DDB540 /* Extensions.swift */,
			);
			path = Extensions;
			sourceTree = "<group>";
		};
/* End PBXGroup section */

/* Begin PBXNativeTarget section */
		729E1BCC2D14B17F00896ECA /* Tick Tick Done */ = {
			isa = PBXNativeTarget;
			buildConfigurationList = 729E1BE12D14B18100896ECA /* Build configuration list for PBXNativeTarget "Tick Tick Done" */;
			buildPhases = (
				57198044187A1244F4AF5AB9 /* [CP] Check Pods Manifest.lock */,
				729E1BC92D14B17F00896ECA /* Sources */,
				729E1BCA2D14B17F00896ECA /* Frameworks */,
				729E1BCB2D14B17F00896ECA /* Resources */,
				3DE73EEB2E7BAF4FACB5CF0C /* [CP] Embed Pods Frameworks */,
			);
			buildRules = (
			);
			dependencies = (
			);
			name = "Tick Tick Done";
			productName = "Tick Tick Done";
			productReference = 729E1BCD2D14B17F00896ECA /* Tick Tick Done.app */;
			productType = "com.apple.product-type.application";
		};
/* End PBXNativeTarget section */

/* Begin PBXProject section */
		729E1BC52D14B17F00896ECA /* Project object */ = {
			isa = PBXProject;
			attributes = {
				BuildIndependentTargetsInParallel = 1;
				LastSwiftUpdateCheck = 1540;
				LastUpgradeCheck = 1540;
				TargetAttributes = {
					729E1BCC2D14B17F00896ECA = {
						CreatedOnToolsVersion = 15.4;
					};
				};
			};
			buildConfigurationList = 729E1BC82D14B17F00896ECA /* Build configuration list for PBXProject "Tick Tick Done" */;
			compatibilityVersion = "Xcode 14.0";
			developmentRegion = en;
			hasScannedForEncodings = 0;
			knownRegions = (
				en,
				Base,
			);
			mainGroup = 729E1BC42D14B17F00896ECA;
			productRefGroup = 729E1BCE2D14B17F00896ECA /* Products */;
			projectDirPath = "";
			projectRoot = "";
			targets = (
				729E1BCC2D14B17F00896ECA /* Tick Tick Done */,
			);
		};
/* End PBXProject section */

/* Begin PBXResourcesBuildPhase section */
		729E1BCB2D14B17F00896ECA /* Resources */ = {
			isa = PBXResourcesBuildPhase;
			buildActionMask = 2147483647;
			files = (
				729E1BDA2D14B18100896ECA /* Assets.xcassets in Resources */,
				72229DD52D56E6B100395920 /* GoogleService-Info.plist in Resources */,
				729E1BDD2D14B18100896ECA /* Base in Resources */,
				729E1BD82D14B17F00896ECA /* Base in Resources */,
			);
			runOnlyForDeploymentPostprocessing = 0;
		};
/* End PBXResourcesBuildPhase section */

/* Begin PBXShellScriptBuildPhase section */
		3DE73EEB2E7BAF4FACB5CF0C /* [CP] Embed Pods Frameworks */ = {
			isa = PBXShellScriptBuildPhase;
			buildActionMask = 2147483647;
			files = (
			);
			inputFileListPaths = (
				"${PODS_ROOT}/Target Support Files/Pods-Tick Tick Done/Pods-Tick Tick Done-frameworks-${CONFIGURATION}-input-files.xcfilelist",
			);
			name = "[CP] Embed Pods Frameworks";
			outputFileListPaths = (
				"${PODS_ROOT}/Target Support Files/Pods-Tick Tick Done/Pods-Tick Tick Done-frameworks-${CONFIGURATION}-output-files.xcfilelist",
			);
			runOnlyForDeploymentPostprocessing = 0;
			shellPath = /bin/sh;
			shellScript = "\"${PODS_ROOT}/Target Support Files/Pods-Tick Tick Done/Pods-Tick Tick Done-frameworks.sh\"\n";
			showEnvVarsInLog = 0;
		};
		57198044187A1244F4AF5AB9 /* [CP] Check Pods Manifest.lock */ = {
			isa = PBXShellScriptBuildPhase;
			buildActionMask = 2147483647;
			files = (
			);
			inputFileListPaths = (
			);
			inputPaths = (
				"${PODS_PODFILE_DIR_PATH}/Podfile.lock",
				"${PODS_ROOT}/Manifest.lock",
			);
			name = "[CP] Check Pods Manifest.lock";
			outputFileListPaths = (
			);
			outputPaths = (
				"$(DERIVED_FILE_DIR)/Pods-Tick Tick Done-checkManifestLockResult.txt",
			);
			runOnlyForDeploymentPostprocessing = 0;
			shellPath = /bin/sh;
			shellScript = "diff \"${PODS_PODFILE_DIR_PATH}/Podfile.lock\" \"${PODS_ROOT}/Manifest.lock\" > /dev/null\nif [ $? != 0 ] ; then\n    # print error to STDERR\n    echo \"error: The sandbox is not in sync with the Podfile.lock. Run 'pod install' or update your CocoaPods installation.\" >&2\n    exit 1\nfi\n# This output is used by Xcode 'outputs' to avoid re-running this script phase.\necho \"SUCCESS\" > \"${SCRIPT_OUTPUT_FILE_0}\"\n";
			showEnvVarsInLog = 0;
		};
/* End PBXShellScriptBuildPhase section */

/* Begin PBXSourcesBuildPhase section */
		729E1BC92D14B17F00896ECA /* Sources */ = {
			isa = PBXSourcesBuildPhase;
			buildActionMask = 2147483647;
			files = (
				72CC1E482D14EC6F00DDB540 /* Utility.swift in Sources */,
				72CC1E4B2D14ED6C00DDB540 /* Extensions.swift in Sources */,
				721AA10B2D1D153C00D26778 /* ProfileVC.swift in Sources */,
				729E1BD12D14B17F00896ECA /* AppDelegate.swift in Sources */,
				721AA1012D1B0AC700D26778 /* HomeVC.swift in Sources */,
				72CC1E4D2D14F60D00DDB540 /* CircularProgressView.swift in Sources */,
				7250B2292D2B7E3F00F80FF1 /* SettingTableViewCell.swift in Sources */,
				72CC1E452D14EB9500DDB540 /* LaunchVC.swift in Sources */,
				721AA10D2D1D155500D26778 /* AddTaskVC.swift in Sources */,
				723B6D722D2343D4005D4263 /* SignupVC.swift in Sources */,
				7250B2262D29D75500F80FF1 /* FirebaseManager.swift in Sources */,
				729E1BD32D14B17F00896ECA /* SceneDelegate.swift in Sources */,
				721AA0FF2D1B0A7900D26778 /* TabbarVC.swift in Sources */,
				721AA1072D1B117000D26778 /* UserDefaults.swift in Sources */,
				721AA1052D1B0E0800D26778 /* Constant.swift in Sources */,
				72CC1E432D14EA8400DDB540 /* LoginVC.swift in Sources */,
				7250B2232D29D27300F80FF1 /* User.swift in Sources */,
				721AA1092D1D149F00D26778 /* HistoryVC.swift in Sources */,
				721AA1032D1B0AD800D26778 /* SettingsVC.swift in Sources */,
				72E302A92D2356A60097E2B4 /* Global.swift in Sources */,
			);
			runOnlyForDeploymentPostprocessing = 0;
		};
/* End PBXSourcesBuildPhase section */

/* Begin PBXVariantGroup section */
		729E1BD62D14B17F00896ECA /* Main.storyboard */ = {
			isa = PBXVariantGroup;
			children = (
				729E1BD72D14B17F00896ECA /* Base */,
			);
			name = Main.storyboard;
			sourceTree = "<group>";
		};
		729E1BDB2D14B18100896ECA /* LaunchScreen.storyboard */ = {
			isa = PBXVariantGroup;
			children = (
				729E1BDC2D14B18100896ECA /* Base */,
			);
			name = LaunchScreen.storyboard;
			sourceTree = "<group>";
		};
/* End PBXVariantGroup section */

/* Begin XCBuildConfiguration section */
		729E1BDF2D14B18100896ECA /* Debug */ = {
			isa = XCBuildConfiguration;
			buildSettings = {
				ALWAYS_SEARCH_USER_PATHS = NO;
				ASSETCATALOG_COMPILER_GENERATE_SWIFT_ASSET_SYMBOL_EXTENSIONS = YES;
				CLANG_ANALYZER_NONNULL = YES;
				CLANG_ANALYZER_NUMBER_OBJECT_CONVERSION = YES_AGGRESSIVE;
				CLANG_CXX_LANGUAGE_STANDARD = "gnu++20";
				CLANG_ENABLE_MODULES = YES;
				CLANG_ENABLE_OBJC_ARC = YES;
				CLANG_ENABLE_OBJC_WEAK = YES;
				CLANG_WARN_BLOCK_CAPTURE_AUTORELEASING = YES;
				CLANG_WARN_BOOL_CONVERSION = YES;
				CLANG_WARN_COMMA = YES;
				CLANG_WARN_CONSTANT_CONVERSION = YES;
				CLANG_WARN_DEPRECATED_OBJC_IMPLEMENTATIONS = YES;
				CLANG_WARN_DIRECT_OBJC_ISA_USAGE = YES_ERROR;
				CLANG_WARN_DOCUMENTATION_COMMENTS = YES;
				CLANG_WARN_EMPTY_BODY = YES;
				CLANG_WARN_ENUM_CONVERSION = YES;
				CLANG_WARN_INFINITE_RECURSION = YES;
				CLANG_WARN_INT_CONVERSION = YES;
				CLANG_WARN_NON_LITERAL_NULL_CONVERSION = YES;
				CLANG_WARN_OBJC_IMPLICIT_RETAIN_SELF = YES;
				CLANG_WARN_OBJC_LITERAL_CONVERSION = YES;
				CLANG_WARN_OBJC_ROOT_CLASS = YES_ERROR;
				CLANG_WARN_QUOTED_INCLUDE_IN_FRAMEWORK_HEADER = YES;
				CLANG_WARN_RANGE_LOOP_ANALYSIS = YES;
				CLANG_WARN_STRICT_PROTOTYPES = YES;
				CLANG_WARN_SUSPICIOUS_MOVE = YES;
				CLANG_WARN_UNGUARDED_AVAILABILITY = YES_AGGRESSIVE;
				CLANG_WARN_UNREACHABLE_CODE = YES;
				CLANG_WARN__DUPLICATE_METHOD_MATCH = YES;
				COPY_PHASE_STRIP = NO;
				DEBUG_INFORMATION_FORMAT = dwarf;
				ENABLE_STRICT_OBJC_MSGSEND = YES;
				ENABLE_TESTABILITY = YES;
				ENABLE_USER_SCRIPT_SANDBOXING = YES;
				GCC_C_LANGUAGE_STANDARD = gnu17;
				GCC_DYNAMIC_NO_PIC = NO;
				GCC_NO_COMMON_BLOCKS = YES;
				GCC_OPTIMIZATION_LEVEL = 0;
				GCC_PREPROCESSOR_DEFINITIONS = (
					"DEBUG=1",
					"$(inherited)",
				);
				GCC_WARN_64_TO_32_BIT_CONVERSION = YES;
				GCC_WARN_ABOUT_RETURN_TYPE = YES_ERROR;
				GCC_WARN_UNDECLARED_SELECTOR = YES;
				GCC_WARN_UNINITIALIZED_AUTOS = YES_AGGRESSIVE;
				GCC_WARN_UNUSED_FUNCTION = YES;
				GCC_WARN_UNUSED_VARIABLE = YES;
				IPHONEOS_DEPLOYMENT_TARGET = 13.0;
				LOCALIZATION_PREFERS_STRING_CATALOGS = YES;
				MTL_ENABLE_DEBUG_INFO = INCLUDE_SOURCE;
				MTL_FAST_MATH = YES;
				ONLY_ACTIVE_ARCH = YES;
				SDKROOT = iphoneos;
				SWIFT_ACTIVE_COMPILATION_CONDITIONS = "DEBUG $(inherited)";
				SWIFT_OPTIMIZATION_LEVEL = "-Onone";
			};
			name = Debug;
		};
		729E1BE02D14B18100896ECA /* Release */ = {
			isa = XCBuildConfiguration;
			buildSettings = {
				ALWAYS_SEARCH_USER_PATHS = NO;
				ASSETCATALOG_COMPILER_GENERATE_SWIFT_ASSET_SYMBOL_EXTENSIONS = YES;
				CLANG_ANALYZER_NONNULL = YES;
				CLANG_ANALYZER_NUMBER_OBJECT_CONVERSION = YES_AGGRESSIVE;
				CLANG_CXX_LANGUAGE_STANDARD = "gnu++20";
				CLANG_ENABLE_MODULES = YES;
				CLANG_ENABLE_OBJC_ARC = YES;
				CLANG_ENABLE_OBJC_WEAK = YES;
				CLANG_WARN_BLOCK_CAPTURE_AUTORELEASING = YES;
				CLANG_WARN_BOOL_CONVERSION = YES;
				CLANG_WARN_COMMA = YES;
				CLANG_WARN_CONSTANT_CONVERSION = YES;
				CLANG_WARN_DEPRECATED_OBJC_IMPLEMENTATIONS = YES;
				CLANG_WARN_DIRECT_OBJC_ISA_USAGE = YES_ERROR;
				CLANG_WARN_DOCUMENTATION_COMMENTS = YES;
				CLANG_WARN_EMPTY_BODY = YES;
				CLANG_WARN_ENUM_CONVERSION = YES;
				CLANG_WARN_INFINITE_RECURSION = YES;
				CLANG_WARN_INT_CONVERSION = YES;
				CLANG_WARN_NON_LITERAL_NULL_CONVERSION = YES;
				CLANG_WARN_OBJC_IMPLICIT_RETAIN_SELF = YES;
				CLANG_WARN_OBJC_LITERAL_CONVERSION = YES;
				CLANG_WARN_OBJC_ROOT_CLASS = YES_ERROR;
				CLANG_WARN_QUOTED_INCLUDE_IN_FRAMEWORK_HEADER = YES;
				CLANG_WARN_RANGE_LOOP_ANALYSIS = YES;
				CLANG_WARN_STRICT_PROTOTYPES = YES;
				CLANG_WARN_SUSPICIOUS_MOVE = YES;
				CLANG_WARN_UNGUARDED_AVAILABILITY = YES_AGGRESSIVE;
				CLANG_WARN_UNREACHABLE_CODE = YES;
				CLANG_WARN__DUPLICATE_METHOD_MATCH = YES;
				COPY_PHASE_STRIP = NO;
				DEBUG_INFORMATION_FORMAT = "dwarf-with-dsym";
				ENABLE_NS_ASSERTIONS = NO;
				ENABLE_STRICT_OBJC_MSGSEND = YES;
				ENABLE_USER_SCRIPT_SANDBOXING = YES;
				GCC_C_LANGUAGE_STANDARD = gnu17;
				GCC_NO_COMMON_BLOCKS = YES;
				GCC_WARN_64_TO_32_BIT_CONVERSION = YES;
				GCC_WARN_ABOUT_RETURN_TYPE = YES_ERROR;
				GCC_WARN_UNDECLARED_SELECTOR = YES;
				GCC_WARN_UNINITIALIZED_AUTOS = YES_AGGRESSIVE;
				GCC_WARN_UNUSED_FUNCTION = YES;
				GCC_WARN_UNUSED_VARIABLE = YES;
				IPHONEOS_DEPLOYMENT_TARGET = 13.0;
				LOCALIZATION_PREFERS_STRING_CATALOGS = YES;
				MTL_ENABLE_DEBUG_INFO = NO;
				MTL_FAST_MATH = YES;
				SDKROOT = iphoneos;
				SWIFT_COMPILATION_MODE = wholemodule;
				VALIDATE_PRODUCT = YES;
			};
			name = Release;
		};
		729E1BE22D14B18100896ECA /* Debug */ = {
			isa = XCBuildConfiguration;
			baseConfigurationReference = 72DA6C88D30B371ABC608895 /* Pods-Tick Tick Done.debug.xcconfig */;
			buildSettings = {
				ASSETCATALOG_COMPILER_APPICON_NAME = AppIcon;
				ASSETCATALOG_COMPILER_GLOBAL_ACCENT_COLOR_NAME = AccentColor;
				CODE_SIGN_STYLE = Automatic;
				CURRENT_PROJECT_VERSION = 1;
				DEVELOPMENT_TEAM = K7RZ34DWG5;
				ENABLE_USER_SCRIPT_SANDBOXING = NO;
				GENERATE_INFOPLIST_FILE = YES;
				INFOPLIST_FILE = "Tick Tick Done/Info.plist";
				INFOPLIST_KEY_UIApplicationSupportsIndirectInputEvents = YES;
				INFOPLIST_KEY_UILaunchStoryboardName = LaunchScreen.storyboard;
				INFOPLIST_KEY_UIMainStoryboardFile = Main;
				INFOPLIST_KEY_UISupportedInterfaceOrientations_iPad = "UIInterfaceOrientationPortrait UIInterfaceOrientationPortraitUpsideDown UIInterfaceOrientationLandscapeLeft UIInterfaceOrientationLandscapeRight";
				INFOPLIST_KEY_UISupportedInterfaceOrientations_iPhone = UIInterfaceOrientationPortrait;
				IPHONEOS_DEPLOYMENT_TARGET = 13.0;
				LD_RUNPATH_SEARCH_PATHS = (
					"$(inherited)",
					"@executable_path/Frameworks",
				);
				MARKETING_VERSION = 1.0;
				PRODUCT_BUNDLE_IDENTIFIER = "com.codingpirates.Tick-Tick-Done";
				PRODUCT_NAME = "$(TARGET_NAME)";
				SWIFT_EMIT_LOC_STRINGS = YES;
				SWIFT_VERSION = 5.0;
				TARGETED_DEVICE_FAMILY = "1,2";
			};
			name = Debug;
		};
		729E1BE32D14B18100896ECA /* Release */ = {
			isa = XCBuildConfiguration;
			baseConfigurationReference = 99D0F557BB80817D797D25BB /* Pods-Tick Tick Done.release.xcconfig */;
			buildSettings = {
				ASSETCATALOG_COMPILER_APPICON_NAME = AppIcon;
				ASSETCATALOG_COMPILER_GLOBAL_ACCENT_COLOR_NAME = AccentColor;
				CODE_SIGN_STYLE = Automatic;
				CURRENT_PROJECT_VERSION = 1;
				DEVELOPMENT_TEAM = K7RZ34DWG5;
				ENABLE_USER_SCRIPT_SANDBOXING = NO;
				GENERATE_INFOPLIST_FILE = YES;
				INFOPLIST_FILE = "Tick Tick Done/Info.plist";
				INFOPLIST_KEY_UIApplicationSupportsIndirectInputEvents = YES;
				INFOPLIST_KEY_UILaunchStoryboardName = LaunchScreen.storyboard;
				INFOPLIST_KEY_UIMainStoryboardFile = Main;
				INFOPLIST_KEY_UISupportedInterfaceOrientations_iPad = "UIInterfaceOrientationPortrait UIInterfaceOrientationPortraitUpsideDown UIInterfaceOrientationLandscapeLeft UIInterfaceOrientationLandscapeRight";
				INFOPLIST_KEY_UISupportedInterfaceOrientations_iPhone = UIInterfaceOrientationPortrait;
				IPHONEOS_DEPLOYMENT_TARGET = 13.0;
				LD_RUNPATH_SEARCH_PATHS = (
					"$(inherited)",
					"@executable_path/Frameworks",
				);
				MARKETING_VERSION = 1.0;
				PRODUCT_BUNDLE_IDENTIFIER = "com.codingpirates.Tick-Tick-Done";
				PRODUCT_NAME = "$(TARGET_NAME)";
				SWIFT_EMIT_LOC_STRINGS = YES;
				SWIFT_VERSION = 5.0;
				TARGETED_DEVICE_FAMILY = "1,2";
			};
			name = Release;
		};
/* End XCBuildConfiguration section */

/* Begin XCConfigurationList section */
		729E1BC82D14B17F00896ECA /* Build configuration list for PBXProject "Tick Tick Done" */ = {
			isa = XCConfigurationList;
			buildConfigurations = (
				729E1BDF2D14B18100896ECA /* Debug */,
				729E1BE02D14B18100896ECA /* Release */,
			);
			defaultConfigurationIsVisible = 0;
			defaultConfigurationName = Release;
		};
		729E1BE12D14B18100896ECA /* Build configuration list for PBXNativeTarget "Tick Tick Done" */ = {
			isa = XCConfigurationList;
			buildConfigurations = (
				729E1BE22D14B18100896ECA /* Debug */,
				729E1BE32D14B18100896ECA /* Release */,
			);
			defaultConfigurationIsVisible = 0;
			defaultConfigurationName = Release;
		};
/* End XCConfigurationList section */
	};
	rootObject = 729E1BC52D14B17F00896ECA /* Project object */;
}
